
Microsoft Visual Studio Solution File, Format Version 12.00
# Visual Studio Version 17
VisualStudioVersion = 17.1.32210.238
MinimumVisualStudioVersion = 10.0.40219.1
Project("{9A19103F-16F7-4668-BE54-9A1E7A4F7556}") = "Publisher", "Publisher\Publisher.csproj", "{FA5EA90C-9043-47BD-872F-9C3FF86CB3E1}"
EndProject
Project("{9A19103F-16F7-4668-BE54-9A1E7A4F7556}") = "Consumer", "Consumer\Consumer.csproj", "{D5AA7829-158B-4396-B83E-25F13A7257A5}"
EndProject
Project("{9A19103F-16F7-4668-BE54-9A1E7A4F7556}") = "Api", "Api\Api.csproj", "{4356A995-D8C1-4C05-8BD9-51000F678B25}"
EndProject
Global
	GlobalSection(SolutionConfigurationPlatforms) = preSolution
		Debug|Any CPU = Debug|Any CPU
		Release|Any CPU = Release|Any CPU
	EndGlobalSection
	GlobalSection(ProjectConfigurationPlatforms) = postSolution
		{FA5EA90C-9043-47BD-872F-9C3FF86CB3E1}.Debug|Any CPU.ActiveCfg = Debug|Any CPU
		{FA5EA90C-9043-47BD-872F-9C3FF86CB3E1}.Debug|Any CPU.Build.0 = Debug|Any CPU
		{FA5EA90C-9043-47BD-872F-9C3FF86CB3E1}.Release|Any CPU.ActiveCfg = Release|Any CPU
		{FA5EA90C-9043-47BD-872F-9C3FF86CB3E1}.Release|Any CPU.Build.0 = Release|Any CPU
		{D5AA7829-158B-4396-B83E-25F13A7257A5}.Debug|Any CPU.ActiveCfg = Debug|Any CPU
		{D5AA7829-158B-4396-B83E-25F13A7257A5}.Debug|Any CPU.Build.0 = Debug|Any CPU
		{D5AA7829-158B-4396-B83E-25F13A7257A5}.Release|Any CPU.ActiveCfg = Release|Any CPU
		{D5AA7829-158B-4396-B83E-25F13A7257A5}.Release|Any CPU.Build.0 = Release|Any CPU
		{4356A995-D8C1-4C05-8BD9-51000F678B25}.Debug|Any CPU.ActiveCfg = Debug|Any CPU
		{4356A995-D8C1-4C05-8BD9-51000F678B25}.Debug|Any CPU.Build.0 = Debug|Any CPU
		{4356A995-D8C1-4C05-8BD9-51000F678B25}.Release|Any CPU.ActiveCfg = Release|Any CPU
		{4356A995-D8C1-4C05-8BD9-51000F678B25}.Release|Any CPU.Build.0 = Release|Any CPU
	EndGlobalSection
	GlobalSection(SolutionProperties) = preSolution
		HideSolutionNode = FALSE
	EndGlobalSection
	GlobalSection(ExtensibilityGlobals) = postSolution
		SolutionGuid = {DA5FC5C1-2214-4F37-B451-74218E795FBF}
	EndGlobalSection
EndGlobal
